<?xml version="1.0" encoding="utf-8"?>
<Project ToolsVersion="4.0" xmlns="http://schemas.microsoft.com/developer/msbuild/2003">
  <ItemGroup>
    <Filter Include="include">
      <UniqueIdentifier>{41890df4-b15f-4a2d-8cfd-b5d3928a9a3f}</UniqueIdentifier>
    </Filter>
    <Filter Include="source">
      <UniqueIdentifier>{da942baa-546f-465c-a2e5-9464c2a33c73}</UniqueIdentifier>
    </Filter>
    <Filter Include="DebugGL">
      <UniqueIdentifier>{e6a898d7-5ac1-44b6-b7dc-fb0311162697}</UniqueIdentifier>
    </Filter>
    <Filter Include="ReleaseGL">
      <UniqueIdentifier>{05dbe96f-79af-4e9d-a48f-894cafd3e56d}</UniqueIdentifier>
    </Filter>
    <Filter Include="shaders">
      <UniqueIdentifier>{84931d2b-b79d-4f79-bbd8-beebcbdc0f59}</UniqueIdentifier>
    </Filter>
    <Filter Include="Git">
      <UniqueIdentifier>{52bb35f0-a1ef-40d5-9e7d-e448c4ba73c9}</UniqueIdentifier>
    </Filter>
  </ItemGroup>
  <ItemGroup>
    <ClCompile Include="Main.cpp">
      <Filter>source</Filter>
    </ClCompile>
    <ClCompile Include="gladDebug\src\glad.c">
      <Filter>DebugGL</Filter>
    </ClCompile>
    <ClCompile Include="gladRelease\src\glad.c">
      <Filter>ReleaseGL</Filter>
    </ClCompile>
  </ItemGroup>
  <ItemGroup>
    <ClInclude Include="shader.h">
      <Filter>include</Filter>
    </ClInclude>
    <ClInclude Include="NetworkCuda.cuh">
      <Filter>include</Filter>
    </ClInclude>
    <ClInclude Include="matrix.cuh">
      <Filter>include</Filter>
    </ClInclude>
    <ClInclude Include="vector.cuh">
      <Filter>include</Filter>
    </ClInclude>
    <ClInclude Include="CudaTexture.cuh">
      <Filter>include</Filter>
    </ClInclude>
    <ClInclude Include="NetworkCudaTexture.cuh">
      <Filter>include</Filter>
    </ClInclude>
  </ItemGroup>
  <ItemGroup>
    <None Include="shaders\nodeShader.frag">
      <Filter>shaders</Filter>
    </None>
    <None Include="shaders\nodeShader.geom">
      <Filter>shaders</Filter>
    </None>
    <None Include="shaders\nodeShader.vert">
      <Filter>shaders</Filter>
    </None>
    <None Include="shaders\weightShader.frag">
      <Filter>shaders</Filter>
    </None>
    <None Include="shaders\weightShader.geom">
      <Filter>shaders</Filter>
    </None>
    <None Include="shaders\weightShader.vert">
      <Filter>shaders</Filter>
    </None>
    <None Include="..\.gitignore">
      <Filter>Git</Filter>
    </None>
    <None Include="shaders\cudaTexture.frag">
      <Filter>shaders</Filter>
    </None>
    <None Include="shaders\cudaTexture.vert">
      <Filter>shaders</Filter>
    </None>
  </ItemGroup>
  <ItemGroup>
    <CudaCompile Include="NetworkCuda.cu">
      <Filter>source</Filter>
    </CudaCompile>
    <CudaCompile Include="NetworkCudaTexture.cu">
      <Filter>source</Filter>
    </CudaCompile>
  </ItemGroup>
</Project>